
Microsoft Visual Studio Solution File, Format Version 12.00
# Visual Studio Version 17
VisualStudioVersion = 17.0.31903.59
MinimumVisualStudioVersion = 10.0.40219.1
Project("{FAE04EC0-301F-11D3-BF4B-00C04F79EFBC}") = "JKamsker.LibZt", "JKamsker.LibZt\JKamsker.LibZt.csproj", "{D4D523C6-C861-44E6-A1EF-21B5FD68201D}"
EndProject
Project("{FAE04EC0-301F-11D3-BF4B-00C04F79EFBC}") = "JKamsker.LibZt.Tests", "JKamsker.LibZt.Tests\JKamsker.LibZt.Tests.csproj", "{39001387-3625-4312-B61E-FBE1F3381960}"
EndProject
Project("{2150E333-8FDC-42A3-9474-1A3956D46DE8}") = "samples", "samples", "{5D20AA90-6969-D8BD-9DCD-8634F4692FDA}"
EndProject
Project("{FAE04EC0-301F-11D3-BF4B-00C04F79EFBC}") = "JKamsker.LibZt.Samples.ZtNetE2E", "samples\JKamsker.LibZt.Samples.ZtNetE2E\JKamsker.LibZt.Samples.ZtNetE2E.csproj", "{5F42012C-E634-4AB7-B59A-5D3285F62635}"
EndProject
Project("{FAE04EC0-301F-11D3-BF4B-00C04F79EFBC}") = "JKamsker.LibZt.Cli", "samples\JKamsker.LibZt.Cli\JKamsker.LibZt.Cli.csproj", "{479C17D2-0665-4510-937D-6554E3F15092}"
EndProject
Project("{FAE04EC0-301F-11D3-BF4B-00C04F79EFBC}") = "JKamsker.LibZt.Samples.DemoApi", "samples\JKamsker.LibZt.Samples.DemoApi\JKamsker.LibZt.Samples.DemoApi.csproj", "{9599644D-1129-4945-B806-9148624C079F}"
EndProject
Project("{FAE04EC0-301F-11D3-BF4B-00C04F79EFBC}") = "JKamsker.LibZt.Benchmarks", "JKamsker.LibZt.Benchmarks\JKamsker.LibZt.Benchmarks.csproj", "{C4803008-FA85-4816-AD64-518C84750837}"
EndProject
Global
	GlobalSection(SolutionConfigurationPlatforms) = preSolution
		Debug|Any CPU = Debug|Any CPU
		Debug|x64 = Debug|x64
		Debug|x86 = Debug|x86
		Release|Any CPU = Release|Any CPU
		Release|x64 = Release|x64
		Release|x86 = Release|x86
	EndGlobalSection
	GlobalSection(ProjectConfigurationPlatforms) = postSolution
		{D4D523C6-C861-44E6-A1EF-21B5FD68201D}.Debug|Any CPU.ActiveCfg = Debug|Any CPU
		{D4D523C6-C861-44E6-A1EF-21B5FD68201D}.Debug|Any CPU.Build.0 = Debug|Any CPU
		{D4D523C6-C861-44E6-A1EF-21B5FD68201D}.Debug|x64.ActiveCfg = Debug|Any CPU
		{D4D523C6-C861-44E6-A1EF-21B5FD68201D}.Debug|x64.Build.0 = Debug|Any CPU
		{D4D523C6-C861-44E6-A1EF-21B5FD68201D}.Debug|x86.ActiveCfg = Debug|Any CPU
		{D4D523C6-C861-44E6-A1EF-21B5FD68201D}.Debug|x86.Build.0 = Debug|Any CPU
		{D4D523C6-C861-44E6-A1EF-21B5FD68201D}.Release|Any CPU.ActiveCfg = Release|Any CPU
		{D4D523C6-C861-44E6-A1EF-21B5FD68201D}.Release|Any CPU.Build.0 = Release|Any CPU
		{D4D523C6-C861-44E6-A1EF-21B5FD68201D}.Release|x64.ActiveCfg = Release|Any CPU
		{D4D523C6-C861-44E6-A1EF-21B5FD68201D}.Release|x64.Build.0 = Release|Any CPU
		{D4D523C6-C861-44E6-A1EF-21B5FD68201D}.Release|x86.ActiveCfg = Release|Any CPU
		{D4D523C6-C861-44E6-A1EF-21B5FD68201D}.Release|x86.Build.0 = Release|Any CPU
		{39001387-3625-4312-B61E-FBE1F3381960}.Debug|Any CPU.ActiveCfg = Debug|Any CPU
		{39001387-3625-4312-B61E-FBE1F3381960}.Debug|Any CPU.Build.0 = Debug|Any CPU
		{39001387-3625-4312-B61E-FBE1F3381960}.Debug|x64.ActiveCfg = Debug|Any CPU
		{39001387-3625-4312-B61E-FBE1F3381960}.Debug|x64.Build.0 = Debug|Any CPU
		{39001387-3625-4312-B61E-FBE1F3381960}.Debug|x86.ActiveCfg = Debug|Any CPU
		{39001387-3625-4312-B61E-FBE1F3381960}.Debug|x86.Build.0 = Debug|Any CPU
		{39001387-3625-4312-B61E-FBE1F3381960}.Release|Any CPU.ActiveCfg = Release|Any CPU
		{39001387-3625-4312-B61E-FBE1F3381960}.Release|Any CPU.Build.0 = Release|Any CPU
		{39001387-3625-4312-B61E-FBE1F3381960}.Release|x64.ActiveCfg = Release|Any CPU
		{39001387-3625-4312-B61E-FBE1F3381960}.Release|x64.Build.0 = Release|Any CPU
		{39001387-3625-4312-B61E-FBE1F3381960}.Release|x86.ActiveCfg = Release|Any CPU
		{39001387-3625-4312-B61E-FBE1F3381960}.Release|x86.Build.0 = Release|Any CPU
		{5F42012C-E634-4AB7-B59A-5D3285F62635}.Debug|Any CPU.ActiveCfg = Debug|Any CPU
		{5F42012C-E634-4AB7-B59A-5D3285F62635}.Debug|Any CPU.Build.0 = Debug|Any CPU
		{5F42012C-E634-4AB7-B59A-5D3285F62635}.Debug|x64.ActiveCfg = Debug|Any CPU
		{5F42012C-E634-4AB7-B59A-5D3285F62635}.Debug|x64.Build.0 = Debug|Any CPU
		{5F42012C-E634-4AB7-B59A-5D3285F62635}.Debug|x86.ActiveCfg = Debug|Any CPU
		{5F42012C-E634-4AB7-B59A-5D3285F62635}.Debug|x86.Build.0 = Debug|Any CPU
		{5F42012C-E634-4AB7-B59A-5D3285F62635}.Release|Any CPU.ActiveCfg = Release|Any CPU
		{5F42012C-E634-4AB7-B59A-5D3285F62635}.Release|Any CPU.Build.0 = Release|Any CPU
		{5F42012C-E634-4AB7-B59A-5D3285F62635}.Release|x64.ActiveCfg = Release|Any CPU
		{5F42012C-E634-4AB7-B59A-5D3285F62635}.Release|x64.Build.0 = Release|Any CPU
		{5F42012C-E634-4AB7-B59A-5D3285F62635}.Release|x86.ActiveCfg = Release|Any CPU
		{5F42012C-E634-4AB7-B59A-5D3285F62635}.Release|x86.Build.0 = Release|Any CPU
		{479C17D2-0665-4510-937D-6554E3F15092}.Debug|Any CPU.ActiveCfg = Debug|Any CPU
		{479C17D2-0665-4510-937D-6554E3F15092}.Debug|Any CPU.Build.0 = Debug|Any CPU
		{479C17D2-0665-4510-937D-6554E3F15092}.Debug|x64.ActiveCfg = Debug|Any CPU
		{479C17D2-0665-4510-937D-6554E3F15092}.Debug|x64.Build.0 = Debug|Any CPU
		{479C17D2-0665-4510-937D-6554E3F15092}.Debug|x86.ActiveCfg = Debug|Any CPU
		{479C17D2-0665-4510-937D-6554E3F15092}.Debug|x86.Build.0 = Debug|Any CPU
		{479C17D2-0665-4510-937D-6554E3F15092}.Release|Any CPU.ActiveCfg = Release|Any CPU
		{479C17D2-0665-4510-937D-6554E3F15092}.Release|Any CPU.Build.0 = Release|Any CPU
		{479C17D2-0665-4510-937D-6554E3F15092}.Release|x64.ActiveCfg = Release|Any CPU
		{479C17D2-0665-4510-937D-6554E3F15092}.Release|x64.Build.0 = Release|Any CPU
		{479C17D2-0665-4510-937D-6554E3F15092}.Release|x86.ActiveCfg = Release|Any CPU
		{479C17D2-0665-4510-937D-6554E3F15092}.Release|x86.Build.0 = Release|Any CPU
		{9599644D-1129-4945-B806-9148624C079F}.Debug|Any CPU.ActiveCfg = Debug|Any CPU
		{9599644D-1129-4945-B806-9148624C079F}.Debug|Any CPU.Build.0 = Debug|Any CPU
		{9599644D-1129-4945-B806-9148624C079F}.Debug|x64.ActiveCfg = Debug|Any CPU
		{9599644D-1129-4945-B806-9148624C079F}.Debug|x64.Build.0 = Debug|Any CPU
		{9599644D-1129-4945-B806-9148624C079F}.Debug|x86.ActiveCfg = Debug|Any CPU
		{9599644D-1129-4945-B806-9148624C079F}.Debug|x86.Build.0 = Debug|Any CPU
		{9599644D-1129-4945-B806-9148624C079F}.Release|Any CPU.ActiveCfg = Release|Any CPU
		{9599644D-1129-4945-B806-9148624C079F}.Release|Any CPU.Build.0 = Release|Any CPU
		{9599644D-1129-4945-B806-9148624C079F}.Release|x64.ActiveCfg = Release|Any CPU
		{9599644D-1129-4945-B806-9148624C079F}.Release|x64.Build.0 = Release|Any CPU
		{9599644D-1129-4945-B806-9148624C079F}.Release|x86.ActiveCfg = Release|Any CPU
		{9599644D-1129-4945-B806-9148624C079F}.Release|x86.Build.0 = Release|Any CPU
		{C4803008-FA85-4816-AD64-518C84750837}.Debug|Any CPU.ActiveCfg = Debug|Any CPU
		{C4803008-FA85-4816-AD64-518C84750837}.Debug|Any CPU.Build.0 = Debug|Any CPU
		{C4803008-FA85-4816-AD64-518C84750837}.Debug|x64.ActiveCfg = Debug|Any CPU
		{C4803008-FA85-4816-AD64-518C84750837}.Debug|x64.Build.0 = Debug|Any CPU
		{C4803008-FA85-4816-AD64-518C84750837}.Debug|x86.ActiveCfg = Debug|Any CPU
		{C4803008-FA85-4816-AD64-518C84750837}.Debug|x86.Build.0 = Debug|Any CPU
		{C4803008-FA85-4816-AD64-518C84750837}.Release|Any CPU.ActiveCfg = Release|Any CPU
		{C4803008-FA85-4816-AD64-518C84750837}.Release|Any CPU.Build.0 = Release|Any CPU
		{C4803008-FA85-4816-AD64-518C84750837}.Release|x64.ActiveCfg = Release|Any CPU
		{C4803008-FA85-4816-AD64-518C84750837}.Release|x64.Build.0 = Release|Any CPU
		{C4803008-FA85-4816-AD64-518C84750837}.Release|x86.ActiveCfg = Release|Any CPU
		{C4803008-FA85-4816-AD64-518C84750837}.Release|x86.Build.0 = Release|Any CPU
	EndGlobalSection
	GlobalSection(SolutionProperties) = preSolution
		HideSolutionNode = FALSE
	EndGlobalSection
	GlobalSection(NestedProjects) = preSolution
		{5F42012C-E634-4AB7-B59A-5D3285F62635} = {5D20AA90-6969-D8BD-9DCD-8634F4692FDA}
		{479C17D2-0665-4510-937D-6554E3F15092} = {5D20AA90-6969-D8BD-9DCD-8634F4692FDA}
		{9599644D-1129-4945-B806-9148624C079F} = {5D20AA90-6969-D8BD-9DCD-8634F4692FDA}
	EndGlobalSection
EndGlobal
